// !$*UTF8*$!
{
	archiveVersion = 1;
	classes = {
	};
	objectVersion = 51;
	objects = {

/* Begin PBXBuildFile section */
		297EE740252A5F5400C341C7 /* GroupChatCell.swift in Sources */ = {isa = PBXBuildFile; fileRef = 297EE73F252A5F5400C341C7 /* GroupChatCell.swift */; };
		29BDE1732521389900CC40F1 /* SignUpViewController.swift in Sources */ = {isa = PBXBuildFile; fileRef = 29BDE1722521389900CC40F1 /* SignUpViewController.swift */; };
		39DFD21FC63E12B144E17893 /* Pods_Cresh_CreshUITests.framework in Frameworks */ = {isa = PBXBuildFile; fileRef = D8812795677F7ADCA8CA012D /* Pods_Cresh_CreshUITests.framework */; };
		7DCF84614AAA9ADC54E72BCE /* Pods_CreshTests.framework in Frameworks */ = {isa = PBXBuildFile; fileRef = 7A57962EE4FC4E2A65472AF6 /* Pods_CreshTests.framework */; };
		834D467F251AEE4300A0CA66 /* AppDelegate.swift in Sources */ = {isa = PBXBuildFile; fileRef = 834D467E251AEE4300A0CA66 /* AppDelegate.swift */; };
		834D4681251AEE4300A0CA66 /* SceneDelegate.swift in Sources */ = {isa = PBXBuildFile; fileRef = 834D4680251AEE4300A0CA66 /* SceneDelegate.swift */; };
		834D4686251AEE4300A0CA66 /* Main.storyboard in Resources */ = {isa = PBXBuildFile; fileRef = 834D4684251AEE4300A0CA66 /* Main.storyboard */; };
		834D4688251AEE4D00A0CA66 /* Assets.xcassets in Resources */ = {isa = PBXBuildFile; fileRef = 834D4687251AEE4D00A0CA66 /* Assets.xcassets */; };
		834D468B251AEE4D00A0CA66 /* LaunchScreen.storyboard in Resources */ = {isa = PBXBuildFile; fileRef = 834D4689251AEE4D00A0CA66 /* LaunchScreen.storyboard */; };
		834D4696251AEE4D00A0CA66 /* CreshTests.swift in Sources */ = {isa = PBXBuildFile; fileRef = 834D4695251AEE4D00A0CA66 /* CreshTests.swift */; };
		834D46A1251AEE4E00A0CA66 /* CreshUITests.swift in Sources */ = {isa = PBXBuildFile; fileRef = 834D46A0251AEE4E00A0CA66 /* CreshUITests.swift */; };
		8373A7E32525A2200038ABB8 /* Post.swift in Sources */ = {isa = PBXBuildFile; fileRef = 8373A7E22525A2200038ABB8 /* Post.swift */; };
		8373A7EE2525CB230038ABB8 /* WorkOutsGridViewController.swift in Sources */ = {isa = PBXBuildFile; fileRef = 8373A7ED2525CB230038ABB8 /* WorkOutsGridViewController.swift */; };
		8373A7F32525CB430038ABB8 /* WorkoutsCell.swift in Sources */ = {isa = PBXBuildFile; fileRef = 8373A7F22525CB430038ABB8 /* WorkoutsCell.swift */; };
		8373A9362526D4490038ABB8 /* SampleCode.xcconfig in Resources */ = {isa = PBXBuildFile; fileRef = 8373A9142526D4490038ABB8 /* SampleCode.xcconfig */; };
		8373A9372526D4490038ABB8 /* PoseNetVisualization.png in Resources */ = {isa = PBXBuildFile; fileRef = 8373A9162526D4490038ABB8 /* PoseNetVisualization.png */; };
		8373A9382526D4490038ABB8 /* PoseNetPipeline.png in Resources */ = {isa = PBXBuildFile; fileRef = 8373A9172526D4490038ABB8 /* PoseNetPipeline.png */; };
		8373A9392526D4490038ABB8 /* ACKNOWLEDGMENTS.txt in Resources */ = {isa = PBXBuildFile; fileRef = 8373A9192526D4490038ABB8 /* ACKNOWLEDGMENTS.txt */; };
		8373A93A2526D4490038ABB8 /* LICENSE.txt in Resources */ = {isa = PBXBuildFile; fileRef = 8373A91A2526D4490038ABB8 /* LICENSE.txt */; };
		8373A93B2526D4490038ABB8 /* README.md in Resources */ = {isa = PBXBuildFile; fileRef = 8373A91B2526D4490038ABB8 /* README.md */; };
		8373A93C2526D4490038ABB8 /* .gitignore in Resources */ = {isa = PBXBuildFile; fileRef = 8373A91C2526D4490038ABB8 /* .gitignore */; };
		8373A93D2526D4490038ABB8 /* ViewController.swift in Sources */ = {isa = PBXBuildFile; fileRef = 8373A91F2526D4490038ABB8 /* ViewController.swift */; };
		8373A93E2526D4490038ABB8 /* PoseImageView.swift in Sources */ = {isa = PBXBuildFile; fileRef = 8373A9202526D4490038ABB8 /* PoseImageView.swift */; };
		8373A93F2526D4490038ABB8 /* ConfigurationViewController.swift in Sources */ = {isa = PBXBuildFile; fileRef = 8373A9212526D4490038ABB8 /* ConfigurationViewController.swift */; };
		8373A9402526D4490038ABB8 /* PopOverModalViewController.swift in Sources */ = {isa = PBXBuildFile; fileRef = 8373A9222526D4490038ABB8 /* PopOverModalViewController.swift */; };
		8373A9412526D4490038ABB8 /* GradientOverlayView.swift in Sources */ = {isa = PBXBuildFile; fileRef = 8373A9232526D4490038ABB8 /* GradientOverlayView.swift */; };
		8373A9422526D4490038ABB8 /* CGPoint+Extension.swift in Sources */ = {isa = PBXBuildFile; fileRef = 8373A9252526D4490038ABB8 /* CGPoint+Extension.swift */; };
		8373A9432526D4490038ABB8 /* CGImage+Extension.swift in Sources */ = {isa = PBXBuildFile; fileRef = 8373A9262526D4490038ABB8 /* CGImage+Extension.swift */; };
		8373A9442526D4490038ABB8 /* AVCaptureVideoOrientation+Extension.swift in Sources */ = {isa = PBXBuildFile; fileRef = 8373A9282526D4490038ABB8 /* AVCaptureVideoOrientation+Extension.swift */; };
		8373A9452526D4490038ABB8 /* VideoCapture.swift in Sources */ = {isa = PBXBuildFile; fileRef = 8373A9292526D4490038ABB8 /* VideoCapture.swift */; };
		8373A9462526D4490038ABB8 /* Joint.swift in Sources */ = {isa = PBXBuildFile; fileRef = 8373A92B2526D4490038ABB8 /* Joint.swift */; };
		8373A9472526D4490038ABB8 /* PoseBuilder+Multiple.swift in Sources */ = {isa = PBXBuildFile; fileRef = 8373A92C2526D4490038ABB8 /* PoseBuilder+Multiple.swift */; };
		8373A9482526D4490038ABB8 /* PoseBuilder+Single.swift in Sources */ = {isa = PBXBuildFile; fileRef = 8373A92D2526D4490038ABB8 /* PoseBuilder+Single.swift */; };
		8373A9492526D4490038ABB8 /* Pose.swift in Sources */ = {isa = PBXBuildFile; fileRef = 8373A92E2526D4490038ABB8 /* Pose.swift */; };
		8373A94A2526D4490038ABB8 /* PoseBuilder.swift in Sources */ = {isa = PBXBuildFile; fileRef = 8373A92F2526D4490038ABB8 /* PoseBuilder.swift */; };
		8373A94B2526D4490038ABB8 /* PoseBuilderConfiguration.swift in Sources */ = {isa = PBXBuildFile; fileRef = 8373A9302526D4490038ABB8 /* PoseBuilderConfiguration.swift */; };
		8373A94C2526D4490038ABB8 /* PoseNetOutput.swift in Sources */ = {isa = PBXBuildFile; fileRef = 8373A9322526D4490038ABB8 /* PoseNetOutput.swift */; };
		8373A94D2526D4490038ABB8 /* PoseNet.swift in Sources */ = {isa = PBXBuildFile; fileRef = 8373A9332526D4490038ABB8 /* PoseNet.swift */; };
		8373A94E2526D4490038ABB8 /* PoseNetInput.swift in Sources */ = {isa = PBXBuildFile; fileRef = 8373A9342526D4490038ABB8 /* PoseNetInput.swift */; };
		8373A94F2526D4490038ABB8 /* PoseNetMobileNet075S16FP16.mlmodel in Sources */ = {isa = PBXBuildFile; fileRef = 8373A9352526D4490038ABB8 /* PoseNetMobileNet075S16FP16.mlmodel */; };
		8373A9542526DC3D0038ABB8 /* WorkoutTypeViewController.swift in Sources */ = {isa = PBXBuildFile; fileRef = 8373A9532526DC3D0038ABB8 /* WorkoutTypeViewController.swift */; };
		83B89C6C251C873900A88920 /* LoginViewController.swift in Sources */ = {isa = PBXBuildFile; fileRef = 83B89C6B251C873900A88920 /* LoginViewController.swift */; };
		83B89C83251FCDCE00A88920 /* GroupChatViewController.swift in Sources */ = {isa = PBXBuildFile; fileRef = 83B89C82251FCDCE00A88920 /* GroupChatViewController.swift */; };
		83EDCD9F252C786B0037999B /* ProfileViewController.swift in Sources */ = {isa = PBXBuildFile; fileRef = 83EDCD9E252C786B0037999B /* ProfileViewController.swift */; };
		83EDCDB1252C81100037999B /* ChatViewController.swift in Sources */ = {isa = PBXBuildFile; fileRef = 83EDCDB0252C81100037999B /* ChatViewController.swift */; };
		83EDCDB6252C82480037999B /* ChatCell.swift in Sources */ = {isa = PBXBuildFile; fileRef = 83EDCDB5252C82480037999B /* ChatCell.swift */; };
		83EDCDC8252C968F0037999B /* GroupDetailViewController.swift in Sources */ = {isa = PBXBuildFile; fileRef = 83EDCDC7252C968F0037999B /* GroupDetailViewController.swift */; };
		83EDCDCD252CA05C0037999B /* GroupDetailCell.swift in Sources */ = {isa = PBXBuildFile; fileRef = 83EDCDCC252CA05C0037999B /* GroupDetailCell.swift */; };
		83EDCDD2252DC15A0037999B /* MinorGroupDetailViewController.swift in Sources */ = {isa = PBXBuildFile; fileRef = 83EDCDD1252DC15A0037999B /* MinorGroupDetailViewController.swift */; };
		BC4898CE1509FBD0028886F0 /* Pods_Cresh.framework in Frameworks */ = {isa = PBXBuildFile; fileRef = 1C3BAD02C885A81E2EA9CF9F /* Pods_Cresh.framework */; };
/* End PBXBuildFile section */

/* Begin PBXContainerItemProxy section */
		834D4692251AEE4D00A0CA66 /* PBXContainerItemProxy */ = {
			isa = PBXContainerItemProxy;
			containerPortal = 834D4673251AEE4300A0CA66 /* Project object */;
			proxyType = 1;
			remoteGlobalIDString = 834D467A251AEE4300A0CA66;
			remoteInfo = Cresh;
		};
		834D469D251AEE4E00A0CA66 /* PBXContainerItemProxy */ = {
			isa = PBXContainerItemProxy;
			containerPortal = 834D4673251AEE4300A0CA66 /* Project object */;
			proxyType = 1;
			remoteGlobalIDString = 834D467A251AEE4300A0CA66;
			remoteInfo = Cresh;
		};
/* End PBXContainerItemProxy section */

/* Begin PBXFileReference section */
		1C3BAD02C885A81E2EA9CF9F /* Pods_Cresh.framework */ = {isa = PBXFileReference; explicitFileType = wrapper.framework; includeInIndex = 0; path = Pods_Cresh.framework; sourceTree = BUILT_PRODUCTS_DIR; };
		1F5E5A2FE870614ECEFBD0D0 /* Pods-CreshTests.release.xcconfig */ = {isa = PBXFileReference; includeInIndex = 1; lastKnownFileType = text.xcconfig; name = "Pods-CreshTests.release.xcconfig"; path = "Target Support Files/Pods-CreshTests/Pods-CreshTests.release.xcconfig"; sourceTree = "<group>"; };
		297EE73F252A5F5400C341C7 /* GroupChatCell.swift */ = {isa = PBXFileReference; lastKnownFileType = sourcecode.swift; path = GroupChatCell.swift; sourceTree = "<group>"; };
		29BDE1722521389900CC40F1 /* SignUpViewController.swift */ = {isa = PBXFileReference; lastKnownFileType = sourcecode.swift; path = SignUpViewController.swift; sourceTree = "<group>"; };
		36D7BAB46D1EC4E6A59E9E93 /* Pods-CreshTests.debug.xcconfig */ = {isa = PBXFileReference; includeInIndex = 1; lastKnownFileType = text.xcconfig; name = "Pods-CreshTests.debug.xcconfig"; path = "Target Support Files/Pods-CreshTests/Pods-CreshTests.debug.xcconfig"; sourceTree = "<group>"; };
		43830C5662E480F0D65E70C9 /* Pods-Cresh.release.xcconfig */ = {isa = PBXFileReference; includeInIndex = 1; lastKnownFileType = text.xcconfig; name = "Pods-Cresh.release.xcconfig"; path = "Target Support Files/Pods-Cresh/Pods-Cresh.release.xcconfig"; sourceTree = "<group>"; };
		54269F039C755116CE885583 /* Pods-Cresh.debug.xcconfig */ = {isa = PBXFileReference; includeInIndex = 1; lastKnownFileType = text.xcconfig; name = "Pods-Cresh.debug.xcconfig"; path = "Target Support Files/Pods-Cresh/Pods-Cresh.debug.xcconfig"; sourceTree = "<group>"; };
		608BA2666B72AB9E10555946 /* Pods-Cresh-CreshUITests.debug.xcconfig */ = {isa = PBXFileReference; includeInIndex = 1; lastKnownFileType = text.xcconfig; name = "Pods-Cresh-CreshUITests.debug.xcconfig"; path = "Target Support Files/Pods-Cresh-CreshUITests/Pods-Cresh-CreshUITests.debug.xcconfig"; sourceTree = "<group>"; };
		60BFA13BC975C9108127DCD9 /* Pods-Cresh-CreshUITests.release.xcconfig */ = {isa = PBXFileReference; includeInIndex = 1; lastKnownFileType = text.xcconfig; name = "Pods-Cresh-CreshUITests.release.xcconfig"; path = "Target Support Files/Pods-Cresh-CreshUITests/Pods-Cresh-CreshUITests.release.xcconfig"; sourceTree = "<group>"; };
		7A57962EE4FC4E2A65472AF6 /* Pods_CreshTests.framework */ = {isa = PBXFileReference; explicitFileType = wrapper.framework; includeInIndex = 0; path = Pods_CreshTests.framework; sourceTree = BUILT_PRODUCTS_DIR; };
		834D467B251AEE4300A0CA66 /* Cresh.app */ = {isa = PBXFileReference; explicitFileType = wrapper.application; includeInIndex = 0; path = Cresh.app; sourceTree = BUILT_PRODUCTS_DIR; };
		834D467E251AEE4300A0CA66 /* AppDelegate.swift */ = {isa = PBXFileReference; lastKnownFileType = sourcecode.swift; path = AppDelegate.swift; sourceTree = "<group>"; };
		834D4680251AEE4300A0CA66 /* SceneDelegate.swift */ = {isa = PBXFileReference; lastKnownFileType = sourcecode.swift; path = SceneDelegate.swift; sourceTree = "<group>"; };
		834D4685251AEE4300A0CA66 /* Base */ = {isa = PBXFileReference; lastKnownFileType = file.storyboard; name = Base; path = Base.lproj/Main.storyboard; sourceTree = "<group>"; };
		834D4687251AEE4D00A0CA66 /* Assets.xcassets */ = {isa = PBXFileReference; lastKnownFileType = folder.assetcatalog; path = Assets.xcassets; sourceTree = "<group>"; };
		834D468A251AEE4D00A0CA66 /* Base */ = {isa = PBXFileReference; lastKnownFileType = file.storyboard; name = Base; path = Base.lproj/LaunchScreen.storyboard; sourceTree = "<group>"; };
		834D468C251AEE4D00A0CA66 /* Info.plist */ = {isa = PBXFileReference; lastKnownFileType = text.plist.xml; path = Info.plist; sourceTree = "<group>"; };
		834D4691251AEE4D00A0CA66 /* CreshTests.xctest */ = {isa = PBXFileReference; explicitFileType = wrapper.cfbundle; includeInIndex = 0; path = CreshTests.xctest; sourceTree = BUILT_PRODUCTS_DIR; };
		834D4695251AEE4D00A0CA66 /* CreshTests.swift */ = {isa = PBXFileReference; lastKnownFileType = sourcecode.swift; path = CreshTests.swift; sourceTree = "<group>"; };
		834D4697251AEE4D00A0CA66 /* Info.plist */ = {isa = PBXFileReference; lastKnownFileType = text.plist.xml; path = Info.plist; sourceTree = "<group>"; };
		834D469C251AEE4E00A0CA66 /* CreshUITests.xctest */ = {isa = PBXFileReference; explicitFileType = wrapper.cfbundle; includeInIndex = 0; path = CreshUITests.xctest; sourceTree = BUILT_PRODUCTS_DIR; };
		834D46A0251AEE4E00A0CA66 /* CreshUITests.swift */ = {isa = PBXFileReference; lastKnownFileType = sourcecode.swift; path = CreshUITests.swift; sourceTree = "<group>"; };
		834D46A2251AEE4E00A0CA66 /* Info.plist */ = {isa = PBXFileReference; lastKnownFileType = text.plist.xml; path = Info.plist; sourceTree = "<group>"; };
		8373A7E22525A2200038ABB8 /* Post.swift */ = {isa = PBXFileReference; lastKnownFileType = sourcecode.swift; path = Post.swift; sourceTree = "<group>"; };
		8373A7ED2525CB230038ABB8 /* WorkOutsGridViewController.swift */ = {isa = PBXFileReference; lastKnownFileType = sourcecode.swift; path = WorkOutsGridViewController.swift; sourceTree = "<group>"; };
		8373A7F22525CB430038ABB8 /* WorkoutsCell.swift */ = {isa = PBXFileReference; lastKnownFileType = sourcecode.swift; path = WorkoutsCell.swift; sourceTree = "<group>"; };
		8373A9142526D4490038ABB8 /* SampleCode.xcconfig */ = {isa = PBXFileReference; fileEncoding = 4; lastKnownFileType = text.xcconfig; path = SampleCode.xcconfig; sourceTree = "<group>"; };
		8373A9162526D4490038ABB8 /* PoseNetVisualization.png */ = {isa = PBXFileReference; lastKnownFileType = image.png; path = PoseNetVisualization.png; sourceTree = "<group>"; };
		8373A9172526D4490038ABB8 /* PoseNetPipeline.png */ = {isa = PBXFileReference; lastKnownFileType = image.png; path = PoseNetPipeline.png; sourceTree = "<group>"; };
		8373A9192526D4490038ABB8 /* ACKNOWLEDGMENTS.txt */ = {isa = PBXFileReference; fileEncoding = 4; lastKnownFileType = text; path = ACKNOWLEDGMENTS.txt; sourceTree = "<group>"; };
		8373A91A2526D4490038ABB8 /* LICENSE.txt */ = {isa = PBXFileReference; fileEncoding = 4; lastKnownFileType = text; path = LICENSE.txt; sourceTree = "<group>"; };
		8373A91B2526D4490038ABB8 /* README.md */ = {isa = PBXFileReference; fileEncoding = 4; lastKnownFileType = net.daringfireball.markdown; path = README.md; sourceTree = "<group>"; };
		8373A91C2526D4490038ABB8 /* .gitignore */ = {isa = PBXFileReference; fileEncoding = 4; lastKnownFileType = text; path = .gitignore; sourceTree = "<group>"; };
		8373A91F2526D4490038ABB8 /* ViewController.swift */ = {isa = PBXFileReference; fileEncoding = 4; lastKnownFileType = sourcecode.swift; path = ViewController.swift; sourceTree = "<group>"; };
		8373A9202526D4490038ABB8 /* PoseImageView.swift */ = {isa = PBXFileReference; fileEncoding = 4; lastKnownFileType = sourcecode.swift; path = PoseImageView.swift; sourceTree = "<group>"; };
		8373A9212526D4490038ABB8 /* ConfigurationViewController.swift */ = {isa = PBXFileReference; fileEncoding = 4; lastKnownFileType = sourcecode.swift; path = ConfigurationViewController.swift; sourceTree = "<group>"; };
		8373A9222526D4490038ABB8 /* PopOverModalViewController.swift */ = {isa = PBXFileReference; fileEncoding = 4; lastKnownFileType = sourcecode.swift; path = PopOverModalViewController.swift; sourceTree = "<group>"; };
		8373A9232526D4490038ABB8 /* GradientOverlayView.swift */ = {isa = PBXFileReference; fileEncoding = 4; lastKnownFileType = sourcecode.swift; path = GradientOverlayView.swift; sourceTree = "<group>"; };
		8373A9252526D4490038ABB8 /* CGPoint+Extension.swift */ = {isa = PBXFileReference; fileEncoding = 4; lastKnownFileType = sourcecode.swift; path = "CGPoint+Extension.swift"; sourceTree = "<group>"; };
		8373A9262526D4490038ABB8 /* CGImage+Extension.swift */ = {isa = PBXFileReference; fileEncoding = 4; lastKnownFileType = sourcecode.swift; path = "CGImage+Extension.swift"; sourceTree = "<group>"; };
		8373A9282526D4490038ABB8 /* AVCaptureVideoOrientation+Extension.swift */ = {isa = PBXFileReference; fileEncoding = 4; lastKnownFileType = sourcecode.swift; path = "AVCaptureVideoOrientation+Extension.swift"; sourceTree = "<group>"; };
		8373A9292526D4490038ABB8 /* VideoCapture.swift */ = {isa = PBXFileReference; fileEncoding = 4; lastKnownFileType = sourcecode.swift; path = VideoCapture.swift; sourceTree = "<group>"; };
		8373A92B2526D4490038ABB8 /* Joint.swift */ = {isa = PBXFileReference; fileEncoding = 4; lastKnownFileType = sourcecode.swift; path = Joint.swift; sourceTree = "<group>"; };
		8373A92C2526D4490038ABB8 /* PoseBuilder+Multiple.swift */ = {isa = PBXFileReference; fileEncoding = 4; lastKnownFileType = sourcecode.swift; path = "PoseBuilder+Multiple.swift"; sourceTree = "<group>"; };
		8373A92D2526D4490038ABB8 /* PoseBuilder+Single.swift */ = {isa = PBXFileReference; fileEncoding = 4; lastKnownFileType = sourcecode.swift; path = "PoseBuilder+Single.swift"; sourceTree = "<group>"; };
		8373A92E2526D4490038ABB8 /* Pose.swift */ = {isa = PBXFileReference; fileEncoding = 4; lastKnownFileType = sourcecode.swift; path = Pose.swift; sourceTree = "<group>"; };
		8373A92F2526D4490038ABB8 /* PoseBuilder.swift */ = {isa = PBXFileReference; fileEncoding = 4; lastKnownFileType = sourcecode.swift; path = PoseBuilder.swift; sourceTree = "<group>"; };
		8373A9302526D4490038ABB8 /* PoseBuilderConfiguration.swift */ = {isa = PBXFileReference; fileEncoding = 4; lastKnownFileType = sourcecode.swift; path = PoseBuilderConfiguration.swift; sourceTree = "<group>"; };
		8373A9322526D4490038ABB8 /* PoseNetOutput.swift */ = {isa = PBXFileReference; fileEncoding = 4; lastKnownFileType = sourcecode.swift; path = PoseNetOutput.swift; sourceTree = "<group>"; };
		8373A9332526D4490038ABB8 /* PoseNet.swift */ = {isa = PBXFileReference; fileEncoding = 4; lastKnownFileType = sourcecode.swift; path = PoseNet.swift; sourceTree = "<group>"; };
		8373A9342526D4490038ABB8 /* PoseNetInput.swift */ = {isa = PBXFileReference; fileEncoding = 4; lastKnownFileType = sourcecode.swift; path = PoseNetInput.swift; sourceTree = "<group>"; };
		8373A9352526D4490038ABB8 /* PoseNetMobileNet075S16FP16.mlmodel */ = {isa = PBXFileReference; lastKnownFileType = file.mlmodel; path = PoseNetMobileNet075S16FP16.mlmodel; sourceTree = "<group>"; };
		8373A9532526DC3D0038ABB8 /* WorkoutTypeViewController.swift */ = {isa = PBXFileReference; lastKnownFileType = sourcecode.swift; path = WorkoutTypeViewController.swift; sourceTree = "<group>"; };
		83B89C6B251C873900A88920 /* LoginViewController.swift */ = {isa = PBXFileReference; lastKnownFileType = sourcecode.swift; path = LoginViewController.swift; sourceTree = "<group>"; };
		83B89C82251FCDCE00A88920 /* GroupChatViewController.swift */ = {isa = PBXFileReference; lastKnownFileType = sourcecode.swift; path = GroupChatViewController.swift; sourceTree = "<group>"; };
		83EDCD9E252C786B0037999B /* ProfileViewController.swift */ = {isa = PBXFileReference; lastKnownFileType = sourcecode.swift; path = ProfileViewController.swift; sourceTree = "<group>"; };
		83EDCDB0252C81100037999B /* ChatViewController.swift */ = {isa = PBXFileReference; lastKnownFileType = sourcecode.swift; path = ChatViewController.swift; sourceTree = "<group>"; };
		83EDCDB5252C82480037999B /* ChatCell.swift */ = {isa = PBXFileReference; lastKnownFileType = sourcecode.swift; path = ChatCell.swift; sourceTree = "<group>"; };
		83EDCDC7252C968F0037999B /* GroupDetailViewController.swift */ = {isa = PBXFileReference; lastKnownFileType = sourcecode.swift; path = GroupDetailViewController.swift; sourceTree = "<group>"; };
		83EDCDCC252CA05C0037999B /* GroupDetailCell.swift */ = {isa = PBXFileReference; lastKnownFileType = sourcecode.swift; path = GroupDetailCell.swift; sourceTree = "<group>"; };
		83EDCDD1252DC15A0037999B /* MinorGroupDetailViewController.swift */ = {isa = PBXFileReference; lastKnownFileType = sourcecode.swift; path = MinorGroupDetailViewController.swift; sourceTree = "<group>"; };
		D8812795677F7ADCA8CA012D /* Pods_Cresh_CreshUITests.framework */ = {isa = PBXFileReference; explicitFileType = wrapper.framework; includeInIndex = 0; path = Pods_Cresh_CreshUITests.framework; sourceTree = BUILT_PRODUCTS_DIR; };
/* End PBXFileReference section */

/* Begin PBXFrameworksBuildPhase section */
		834D4678251AEE4300A0CA66 /* Frameworks */ = {
			isa = PBXFrameworksBuildPhase;
			buildActionMask = 2147483647;
			files = (
				BC4898CE1509FBD0028886F0 /* Pods_Cresh.framework in Frameworks */,
			);
			runOnlyForDeploymentPostprocessing = 0;
		};
		834D468E251AEE4D00A0CA66 /* Frameworks */ = {
			isa = PBXFrameworksBuildPhase;
			buildActionMask = 2147483647;
			files = (
				7DCF84614AAA9ADC54E72BCE /* Pods_CreshTests.framework in Frameworks */,
			);
			runOnlyForDeploymentPostprocessing = 0;
		};
		834D4699251AEE4E00A0CA66 /* Frameworks */ = {
			isa = PBXFrameworksBuildPhase;
			buildActionMask = 2147483647;
			files = (
				39DFD21FC63E12B144E17893 /* Pods_Cresh_CreshUITests.framework in Frameworks */,
			);
			runOnlyForDeploymentPostprocessing = 0;
		};
/* End PBXFrameworksBuildPhase section */

/* Begin PBXGroup section */
		3DBAA810A221068CFAB9CA73 /* Pods */ = {
			isa = PBXGroup;
			children = (
				54269F039C755116CE885583 /* Pods-Cresh.debug.xcconfig */,
				43830C5662E480F0D65E70C9 /* Pods-Cresh.release.xcconfig */,
				608BA2666B72AB9E10555946 /* Pods-Cresh-CreshUITests.debug.xcconfig */,
				60BFA13BC975C9108127DCD9 /* Pods-Cresh-CreshUITests.release.xcconfig */,
				36D7BAB46D1EC4E6A59E9E93 /* Pods-CreshTests.debug.xcconfig */,
				1F5E5A2FE870614ECEFBD0D0 /* Pods-CreshTests.release.xcconfig */,
			);
			path = Pods;
			sourceTree = "<group>";
		};
		8344859745F874BAC0A813AE /* Frameworks */ = {
			isa = PBXGroup;
			children = (
				1C3BAD02C885A81E2EA9CF9F /* Pods_Cresh.framework */,
				D8812795677F7ADCA8CA012D /* Pods_Cresh_CreshUITests.framework */,
				7A57962EE4FC4E2A65472AF6 /* Pods_CreshTests.framework */,
			);
			name = Frameworks;
			sourceTree = "<group>";
		};
		834D4672251AEE4300A0CA66 = {
			isa = PBXGroup;
			children = (
				834D467D251AEE4300A0CA66 /* Cresh */,
				834D4694251AEE4D00A0CA66 /* CreshTests */,
				834D469F251AEE4E00A0CA66 /* CreshUITests */,
				834D467C251AEE4300A0CA66 /* Products */,
				3DBAA810A221068CFAB9CA73 /* Pods */,
				8344859745F874BAC0A813AE /* Frameworks */,
			);
			sourceTree = "<group>";
		};
		834D467C251AEE4300A0CA66 /* Products */ = {
			isa = PBXGroup;
			children = (
				834D467B251AEE4300A0CA66 /* Cresh.app */,
				834D4691251AEE4D00A0CA66 /* CreshTests.xctest */,
				834D469C251AEE4E00A0CA66 /* CreshUITests.xctest */,
			);
			name = Products;
			sourceTree = "<group>";
		};
		834D467D251AEE4300A0CA66 /* Cresh */ = {
			isa = PBXGroup;
			children = (
				8373A7E125259D810038ABB8 /* Models */,
				8373A7E025259D740038ABB8 /* Views */,
				83B89C69251C86C300A88920 /* View Controllers */,
				834D467E251AEE4300A0CA66 /* AppDelegate.swift */,
				834D4680251AEE4300A0CA66 /* SceneDelegate.swift */,
				834D4684251AEE4300A0CA66 /* Main.storyboard */,
				834D4687251AEE4D00A0CA66 /* Assets.xcassets */,
				834D4689251AEE4D00A0CA66 /* LaunchScreen.storyboard */,
				834D468C251AEE4D00A0CA66 /* Info.plist */,
			);
			path = Cresh;
			sourceTree = "<group>";
		};
		834D4694251AEE4D00A0CA66 /* CreshTests */ = {
			isa = PBXGroup;
			children = (
				834D4695251AEE4D00A0CA66 /* CreshTests.swift */,
				834D4697251AEE4D00A0CA66 /* Info.plist */,
			);
			path = CreshTests;
			sourceTree = "<group>";
		};
		834D469F251AEE4E00A0CA66 /* CreshUITests */ = {
			isa = PBXGroup;
			children = (
				834D46A0251AEE4E00A0CA66 /* CreshUITests.swift */,
				834D46A2251AEE4E00A0CA66 /* Info.plist */,
			);
			path = CreshUITests;
			sourceTree = "<group>";
		};
		8373A7E025259D740038ABB8 /* Views */ = {
			isa = PBXGroup;
			children = (
				8373A7F22525CB430038ABB8 /* WorkoutsCell.swift */,
				297EE73F252A5F5400C341C7 /* GroupChatCell.swift */,
				83EDCDB5252C82480037999B /* ChatCell.swift */,
				83EDCDCC252CA05C0037999B /* GroupDetailCell.swift */,
			);
			path = Views;
			sourceTree = "<group>";
		};
		8373A7E125259D810038ABB8 /* Models */ = {
			isa = PBXGroup;
			children = (
				8373A9122526D4490038ABB8 /* ApplePoseEstimationModel */,
				8373A9592527898F0038ABB8 /* Parse Models */,
			);
			path = Models;
			sourceTree = "<group>";
		};
		8373A9122526D4490038ABB8 /* ApplePoseEstimationModel */ = {
			isa = PBXGroup;
			children = (
				8373A9132526D4490038ABB8 /* Configuration */,
				8373A9152526D4490038ABB8 /* Documentation */,
				8373A9182526D4490038ABB8 /* LICENSE */,
				8373A91B2526D4490038ABB8 /* README.md */,
				8373A91C2526D4490038ABB8 /* .gitignore */,
				8373A91D2526D4490038ABB8 /* PoseFinder */,
			);
			path = ApplePoseEstimationModel;
			sourceTree = "<group>";
		};
		8373A9132526D4490038ABB8 /* Configuration */ = {
			isa = PBXGroup;
			children = (
				8373A9142526D4490038ABB8 /* SampleCode.xcconfig */,
			);
			path = Configuration;
			sourceTree = "<group>";
		};
		8373A9152526D4490038ABB8 /* Documentation */ = {
			isa = PBXGroup;
			children = (
				8373A9162526D4490038ABB8 /* PoseNetVisualization.png */,
				8373A9172526D4490038ABB8 /* PoseNetPipeline.png */,
			);
			path = Documentation;
			sourceTree = "<group>";
		};
		8373A9182526D4490038ABB8 /* LICENSE */ = {
			isa = PBXGroup;
			children = (
				8373A9192526D4490038ABB8 /* ACKNOWLEDGMENTS.txt */,
				8373A91A2526D4490038ABB8 /* LICENSE.txt */,
			);
			path = LICENSE;
			sourceTree = "<group>";
		};
		8373A91D2526D4490038ABB8 /* PoseFinder */ = {
			isa = PBXGroup;
			children = (
				8373A91E2526D4490038ABB8 /* UI */,
				8373A9242526D4490038ABB8 /* Extensions+Types */,
				8373A9272526D4490038ABB8 /* Utils */,
				8373A92A2526D4490038ABB8 /* Pose */,
				8373A9312526D4490038ABB8 /* Model */,
			);
			path = PoseFinder;
			sourceTree = "<group>";
		};
		8373A91E2526D4490038ABB8 /* UI */ = {
			isa = PBXGroup;
			children = (
				8373A91F2526D4490038ABB8 /* ViewController.swift */,
				8373A9202526D4490038ABB8 /* PoseImageView.swift */,
				8373A9212526D4490038ABB8 /* ConfigurationViewController.swift */,
				8373A9222526D4490038ABB8 /* PopOverModalViewController.swift */,
				8373A9232526D4490038ABB8 /* GradientOverlayView.swift */,
			);
			path = UI;
			sourceTree = "<group>";
		};
		8373A9242526D4490038ABB8 /* Extensions+Types */ = {
			isa = PBXGroup;
			children = (
				8373A9252526D4490038ABB8 /* CGPoint+Extension.swift */,
				8373A9262526D4490038ABB8 /* CGImage+Extension.swift */,
			);
			path = "Extensions+Types";
			sourceTree = "<group>";
		};
		8373A9272526D4490038ABB8 /* Utils */ = {
			isa = PBXGroup;
			children = (
				8373A9282526D4490038ABB8 /* AVCaptureVideoOrientation+Extension.swift */,
				8373A9292526D4490038ABB8 /* VideoCapture.swift */,
			);
			path = Utils;
			sourceTree = "<group>";
		};
		8373A92A2526D4490038ABB8 /* Pose */ = {
			isa = PBXGroup;
			children = (
				8373A92B2526D4490038ABB8 /* Joint.swift */,
				8373A92C2526D4490038ABB8 /* PoseBuilder+Multiple.swift */,
				8373A92D2526D4490038ABB8 /* PoseBuilder+Single.swift */,
				8373A92E2526D4490038ABB8 /* Pose.swift */,
				8373A92F2526D4490038ABB8 /* PoseBuilder.swift */,
				8373A9302526D4490038ABB8 /* PoseBuilderConfiguration.swift */,
			);
			path = Pose;
			sourceTree = "<group>";
		};
		8373A9312526D4490038ABB8 /* Model */ = {
			isa = PBXGroup;
			children = (
				8373A9322526D4490038ABB8 /* PoseNetOutput.swift */,
				8373A9332526D4490038ABB8 /* PoseNet.swift */,
				8373A9342526D4490038ABB8 /* PoseNetInput.swift */,
				8373A9352526D4490038ABB8 /* PoseNetMobileNet075S16FP16.mlmodel */,
			);
			path = Model;
			sourceTree = "<group>";
		};
		8373A9592527898F0038ABB8 /* Parse Models */ = {
			isa = PBXGroup;
			children = (
				8373A7E22525A2200038ABB8 /* Post.swift */,
			);
			path = "Parse Models";
			sourceTree = "<group>";
		};
		83B89C69251C86C300A88920 /* View Controllers */ = {
			isa = PBXGroup;
			children = (
				83B89C6B251C873900A88920 /* LoginViewController.swift */,
				29BDE1722521389900CC40F1 /* SignUpViewController.swift */,
				83B89C82251FCDCE00A88920 /* GroupChatViewController.swift */,
				8373A7ED2525CB230038ABB8 /* WorkOutsGridViewController.swift */,
				8373A9532526DC3D0038ABB8 /* WorkoutTypeViewController.swift */,
				83EDCD9E252C786B0037999B /* ProfileViewController.swift */,
				83EDCDB0252C81100037999B /* ChatViewController.swift */,
				83EDCDC7252C968F0037999B /* GroupDetailViewController.swift */,
				83EDCDD1252DC15A0037999B /* MinorGroupDetailViewController.swift */,
			);
			path = "View Controllers";
			sourceTree = "<group>";
		};
/* End PBXGroup section */

/* Begin PBXNativeTarget section */
		834D467A251AEE4300A0CA66 /* Cresh */ = {
			isa = PBXNativeTarget;
			buildConfigurationList = 834D46A5251AEE4E00A0CA66 /* Build configuration list for PBXNativeTarget "Cresh" */;
			buildPhases = (
				CB15EBFB1149A9E2AE86DA87 /* [CP] Check Pods Manifest.lock */,
				834D4677251AEE4300A0CA66 /* Sources */,
				834D4678251AEE4300A0CA66 /* Frameworks */,
				834D4679251AEE4300A0CA66 /* Resources */,
				9A2E30DA8BC22FA419AFBA6F /* [CP] Embed Pods Frameworks */,
			);
			buildRules = (
			);
			dependencies = (
			);
			name = Cresh;
			productName = Cresh;
			productReference = 834D467B251AEE4300A0CA66 /* Cresh.app */;
			productType = "com.apple.product-type.application";
		};
		834D4690251AEE4D00A0CA66 /* CreshTests */ = {
			isa = PBXNativeTarget;
			buildConfigurationList = 834D46A8251AEE4E00A0CA66 /* Build configuration list for PBXNativeTarget "CreshTests" */;
			buildPhases = (
				5E0785C0CCD4F8B420D8C198 /* [CP] Check Pods Manifest.lock */,
				834D468D251AEE4D00A0CA66 /* Sources */,
				834D468E251AEE4D00A0CA66 /* Frameworks */,
				834D468F251AEE4D00A0CA66 /* Resources */,
			);
			buildRules = (
			);
			dependencies = (
				834D4693251AEE4D00A0CA66 /* PBXTargetDependency */,
			);
			name = CreshTests;
			productName = CreshTests;
			productReference = 834D4691251AEE4D00A0CA66 /* CreshTests.xctest */;
			productType = "com.apple.product-type.bundle.unit-test";
		};
		834D469B251AEE4E00A0CA66 /* CreshUITests */ = {
			isa = PBXNativeTarget;
			buildConfigurationList = 834D46AB251AEE4E00A0CA66 /* Build configuration list for PBXNativeTarget "CreshUITests" */;
			buildPhases = (
				D8BD4ED0B5D7E9328058ADA4 /* [CP] Check Pods Manifest.lock */,
				834D4698251AEE4E00A0CA66 /* Sources */,
				834D4699251AEE4E00A0CA66 /* Frameworks */,
				834D469A251AEE4E00A0CA66 /* Resources */,
				19E481B06E99F72EC484B4F2 /* [CP] Embed Pods Frameworks */,
			);
			buildRules = (
			);
			dependencies = (
				834D469E251AEE4E00A0CA66 /* PBXTargetDependency */,
			);
			name = CreshUITests;
			productName = CreshUITests;
			productReference = 834D469C251AEE4E00A0CA66 /* CreshUITests.xctest */;
			productType = "com.apple.product-type.bundle.ui-testing";
		};
/* End PBXNativeTarget section */

/* Begin PBXProject section */
		834D4673251AEE4300A0CA66 /* Project object */ = {
			isa = PBXProject;
			attributes = {
				LastSwiftUpdateCheck = 1170;
				LastUpgradeCheck = 1170;
				ORGANIZATIONNAME = "Subomi Popoola";
				TargetAttributes = {
					834D467A251AEE4300A0CA66 = {
						CreatedOnToolsVersion = 11.7;
					};
					834D4690251AEE4D00A0CA66 = {
						CreatedOnToolsVersion = 11.7;
						TestTargetID = 834D467A251AEE4300A0CA66;
					};
					834D469B251AEE4E00A0CA66 = {
						CreatedOnToolsVersion = 11.7;
						TestTargetID = 834D467A251AEE4300A0CA66;
					};
				};
			};
			buildConfigurationList = 834D4676251AEE4300A0CA66 /* Build configuration list for PBXProject "Cresh" */;
			compatibilityVersion = "Xcode 9.3";
			developmentRegion = en;
			hasScannedForEncodings = 0;
			knownRegions = (
				en,
				Base,
			);
			mainGroup = 834D4672251AEE4300A0CA66;
			productRefGroup = 834D467C251AEE4300A0CA66 /* Products */;
			projectDirPath = "";
			projectRoot = "";
			targets = (
				834D467A251AEE4300A0CA66 /* Cresh */,
				834D4690251AEE4D00A0CA66 /* CreshTests */,
				834D469B251AEE4E00A0CA66 /* CreshUITests */,
			);
		};
/* End PBXProject section */

/* Begin PBXResourcesBuildPhase section */
		834D4679251AEE4300A0CA66 /* Resources */ = {
			isa = PBXResourcesBuildPhase;
			buildActionMask = 2147483647;
			files = (
				8373A93C2526D4490038ABB8 /* .gitignore in Resources */,
				8373A9372526D4490038ABB8 /* PoseNetVisualization.png in Resources */,
				834D468B251AEE4D00A0CA66 /* LaunchScreen.storyboard in Resources */,
				8373A9392526D4490038ABB8 /* ACKNOWLEDGMENTS.txt in Resources */,
				834D4688251AEE4D00A0CA66 /* Assets.xcassets in Resources */,
				8373A93A2526D4490038ABB8 /* LICENSE.txt in Resources */,
				834D4686251AEE4300A0CA66 /* Main.storyboard in Resources */,
				8373A93B2526D4490038ABB8 /* README.md in Resources */,
				8373A9382526D4490038ABB8 /* PoseNetPipeline.png in Resources */,
				8373A9362526D4490038ABB8 /* SampleCode.xcconfig in Resources */,
			);
			runOnlyForDeploymentPostprocessing = 0;
		};
		834D468F251AEE4D00A0CA66 /* Resources */ = {
			isa = PBXResourcesBuildPhase;
			buildActionMask = 2147483647;
			files = (
			);
			runOnlyForDeploymentPostprocessing = 0;
		};
		834D469A251AEE4E00A0CA66 /* Resources */ = {
			isa = PBXResourcesBuildPhase;
			buildActionMask = 2147483647;
			files = (
			);
			runOnlyForDeploymentPostprocessing = 0;
		};
/* End PBXResourcesBuildPhase section */

/* Begin PBXShellScriptBuildPhase section */
		19E481B06E99F72EC484B4F2 /* [CP] Embed Pods Frameworks */ = {
			isa = PBXShellScriptBuildPhase;
			buildActionMask = 2147483647;
			files = (
			);
			inputFileListPaths = (
				"${PODS_ROOT}/Target Support Files/Pods-Cresh-CreshUITests/Pods-Cresh-CreshUITests-frameworks-${CONFIGURATION}-input-files.xcfilelist",
			);
			name = "[CP] Embed Pods Frameworks";
			outputFileListPaths = (
				"${PODS_ROOT}/Target Support Files/Pods-Cresh-CreshUITests/Pods-Cresh-CreshUITests-frameworks-${CONFIGURATION}-output-files.xcfilelist",
			);
			runOnlyForDeploymentPostprocessing = 0;
			shellPath = /bin/sh;
			shellScript = "\"${PODS_ROOT}/Target Support Files/Pods-Cresh-CreshUITests/Pods-Cresh-CreshUITests-frameworks.sh\"\n";
			showEnvVarsInLog = 0;
		};
		5E0785C0CCD4F8B420D8C198 /* [CP] Check Pods Manifest.lock */ = {
			isa = PBXShellScriptBuildPhase;
			buildActionMask = 2147483647;
			files = (
			);
			inputFileListPaths = (
			);
			inputPaths = (
				"${PODS_PODFILE_DIR_PATH}/Podfile.lock",
				"${PODS_ROOT}/Manifest.lock",
			);
			name = "[CP] Check Pods Manifest.lock";
			outputFileListPaths = (
			);
			outputPaths = (
				"$(DERIVED_FILE_DIR)/Pods-CreshTests-checkManifestLockResult.txt",
			);
			runOnlyForDeploymentPostprocessing = 0;
			shellPath = /bin/sh;
			shellScript = "diff \"${PODS_PODFILE_DIR_PATH}/Podfile.lock\" \"${PODS_ROOT}/Manifest.lock\" > /dev/null\nif [ $? != 0 ] ; then\n    # print error to STDERR\n    echo \"error: The sandbox is not in sync with the Podfile.lock. Run 'pod install' or update your CocoaPods installation.\" >&2\n    exit 1\nfi\n# This output is used by Xcode 'outputs' to avoid re-running this script phase.\necho \"SUCCESS\" > \"${SCRIPT_OUTPUT_FILE_0}\"\n";
			showEnvVarsInLog = 0;
		};
		9A2E30DA8BC22FA419AFBA6F /* [CP] Embed Pods Frameworks */ = {
			isa = PBXShellScriptBuildPhase;
			buildActionMask = 2147483647;
			files = (
			);
			inputFileListPaths = (
				"${PODS_ROOT}/Target Support Files/Pods-Cresh/Pods-Cresh-frameworks-${CONFIGURATION}-input-files.xcfilelist",
			);
			name = "[CP] Embed Pods Frameworks";
			outputFileListPaths = (
				"${PODS_ROOT}/Target Support Files/Pods-Cresh/Pods-Cresh-frameworks-${CONFIGURATION}-output-files.xcfilelist",
			);
			runOnlyForDeploymentPostprocessing = 0;
			shellPath = /bin/sh;
			shellScript = "\"${PODS_ROOT}/Target Support Files/Pods-Cresh/Pods-Cresh-frameworks.sh\"\n";
			showEnvVarsInLog = 0;
		};
		CB15EBFB1149A9E2AE86DA87 /* [CP] Check Pods Manifest.lock */ = {
			isa = PBXShellScriptBuildPhase;
			buildActionMask = 2147483647;
			files = (
			);
			inputFileListPaths = (
			);
			inputPaths = (
				"${PODS_PODFILE_DIR_PATH}/Podfile.lock",
				"${PODS_ROOT}/Manifest.lock",
			);
			name = "[CP] Check Pods Manifest.lock";
			outputFileListPaths = (
			);
			outputPaths = (
				"$(DERIVED_FILE_DIR)/Pods-Cresh-checkManifestLockResult.txt",
			);
			runOnlyForDeploymentPostprocessing = 0;
			shellPath = /bin/sh;
			shellScript = "diff \"${PODS_PODFILE_DIR_PATH}/Podfile.lock\" \"${PODS_ROOT}/Manifest.lock\" > /dev/null\nif [ $? != 0 ] ; then\n    # print error to STDERR\n    echo \"error: The sandbox is not in sync with the Podfile.lock. Run 'pod install' or update your CocoaPods installation.\" >&2\n    exit 1\nfi\n# This output is used by Xcode 'outputs' to avoid re-running this script phase.\necho \"SUCCESS\" > \"${SCRIPT_OUTPUT_FILE_0}\"\n";
			showEnvVarsInLog = 0;
		};
		D8BD4ED0B5D7E9328058ADA4 /* [CP] Check Pods Manifest.lock */ = {
			isa = PBXShellScriptBuildPhase;
			buildActionMask = 2147483647;
			files = (
			);
			inputFileListPaths = (
			);
			inputPaths = (
				"${PODS_PODFILE_DIR_PATH}/Podfile.lock",
				"${PODS_ROOT}/Manifest.lock",
			);
			name = "[CP] Check Pods Manifest.lock";
			outputFileListPaths = (
			);
			outputPaths = (
				"$(DERIVED_FILE_DIR)/Pods-Cresh-CreshUITests-checkManifestLockResult.txt",
			);
			runOnlyForDeploymentPostprocessing = 0;
			shellPath = /bin/sh;
			shellScript = "diff \"${PODS_PODFILE_DIR_PATH}/Podfile.lock\" \"${PODS_ROOT}/Manifest.lock\" > /dev/null\nif [ $? != 0 ] ; then\n    # print error to STDERR\n    echo \"error: The sandbox is not in sync with the Podfile.lock. Run 'pod install' or update your CocoaPods installation.\" >&2\n    exit 1\nfi\n# This output is used by Xcode 'outputs' to avoid re-running this script phase.\necho \"SUCCESS\" > \"${SCRIPT_OUTPUT_FILE_0}\"\n";
			showEnvVarsInLog = 0;
		};
/* End PBXShellScriptBuildPhase section */

/* Begin PBXSourcesBuildPhase section */
		834D4677251AEE4300A0CA66 /* Sources */ = {
			isa = PBXSourcesBuildPhase;
			buildActionMask = 2147483647;
			files = (
				83B89C83251FCDCE00A88920 /* GroupChatViewController.swift in Sources */,
				83B89C6C251C873900A88920 /* LoginViewController.swift in Sources */,
				8373A9462526D4490038ABB8 /* Joint.swift in Sources */,
				8373A93F2526D4490038ABB8 /* ConfigurationViewController.swift in Sources */,
				834D467F251AEE4300A0CA66 /* AppDelegate.swift in Sources */,
				8373A94C2526D4490038ABB8 /* PoseNetOutput.swift in Sources */,
				8373A9422526D4490038ABB8 /* CGPoint+Extension.swift in Sources */,
				8373A93D2526D4490038ABB8 /* ViewController.swift in Sources */,
				8373A7F32525CB430038ABB8 /* WorkoutsCell.swift in Sources */,
				83EDCDB6252C82480037999B /* ChatCell.swift in Sources */,
				8373A7EE2525CB230038ABB8 /* WorkOutsGridViewController.swift in Sources */,
				8373A7E32525A2200038ABB8 /* Post.swift in Sources */,
				8373A9472526D4490038ABB8 /* PoseBuilder+Multiple.swift in Sources */,
				83EDCD9F252C786B0037999B /* ProfileViewController.swift in Sources */,
				8373A9402526D4490038ABB8 /* PopOverModalViewController.swift in Sources */,
				83EDCDD2252DC15A0037999B /* MinorGroupDetailViewController.swift in Sources */,
				8373A9442526D4490038ABB8 /* AVCaptureVideoOrientation+Extension.swift in Sources */,
				834D4681251AEE4300A0CA66 /* SceneDelegate.swift in Sources */,
				8373A9482526D4490038ABB8 /* PoseBuilder+Single.swift in Sources */,
				8373A9492526D4490038ABB8 /* Pose.swift in Sources */,
				8373A94E2526D4490038ABB8 /* PoseNetInput.swift in Sources */,
				297EE740252A5F5400C341C7 /* GroupChatCell.swift in Sources */,
				8373A9452526D4490038ABB8 /* VideoCapture.swift in Sources */,
				8373A9412526D4490038ABB8 /* GradientOverlayView.swift in Sources */,
				29BDE1732521389900CC40F1 /* SignUpViewController.swift in Sources */,
				83EDCDCD252CA05C0037999B /* GroupDetailCell.swift in Sources */,
				8373A93E2526D4490038ABB8 /* PoseImageView.swift in Sources */,
				8373A9542526DC3D0038ABB8 /* WorkoutTypeViewController.swift in Sources */,
				8373A94B2526D4490038ABB8 /* PoseBuilderConfiguration.swift in Sources */,
				8373A94F2526D4490038ABB8 /* PoseNetMobileNet075S16FP16.mlmodel in Sources */,
				8373A94D2526D4490038ABB8 /* PoseNet.swift in Sources */,
				8373A94A2526D4490038ABB8 /* PoseBuilder.swift in Sources */,
				83EDCDC8252C968F0037999B /* GroupDetailViewController.swift in Sources */,
				8373A9432526D4490038ABB8 /* CGImage+Extension.swift in Sources */,
				83EDCDB1252C81100037999B /* ChatViewController.swift in Sources */,
			);
			runOnlyForDeploymentPostprocessing = 0;
		};
		834D468D251AEE4D00A0CA66 /* Sources */ = {
			isa = PBXSourcesBuildPhase;
			buildActionMask = 2147483647;
			files = (
				834D4696251AEE4D00A0CA66 /* CreshTests.swift in Sources */,
			);
			runOnlyForDeploymentPostprocessing = 0;
		};
		834D4698251AEE4E00A0CA66 /* Sources */ = {
			isa = PBXSourcesBuildPhase;
			buildActionMask = 2147483647;
			files = (
				834D46A1251AEE4E00A0CA66 /* CreshUITests.swift in Sources */,
			);
			runOnlyForDeploymentPostprocessing = 0;
		};
/* End PBXSourcesBuildPhase section */

/* Begin PBXTargetDependency section */
		834D4693251AEE4D00A0CA66 /* PBXTargetDependency */ = {
			isa = PBXTargetDependency;
			target = 834D467A251AEE4300A0CA66 /* Cresh */;
			targetProxy = 834D4692251AEE4D00A0CA66 /* PBXContainerItemProxy */;
		};
		834D469E251AEE4E00A0CA66 /* PBXTargetDependency */ = {
			isa = PBXTargetDependency;
			target = 834D467A251AEE4300A0CA66 /* Cresh */;
			targetProxy = 834D469D251AEE4E00A0CA66 /* PBXContainerItemProxy */;
		};
/* End PBXTargetDependency section */

/* Begin PBXVariantGroup section */
		834D4684251AEE4300A0CA66 /* Main.storyboard */ = {
			isa = PBXVariantGroup;
			children = (
				834D4685251AEE4300A0CA66 /* Base */,
			);
			name = Main.storyboard;
			sourceTree = "<group>";
		};
		834D4689251AEE4D00A0CA66 /* LaunchScreen.storyboard */ = {
			isa = PBXVariantGroup;
			children = (
				834D468A251AEE4D00A0CA66 /* Base */,
			);
			name = LaunchScreen.storyboard;
			sourceTree = "<group>";
		};
/* End PBXVariantGroup section */

/* Begin XCBuildConfiguration section */
		834D46A3251AEE4E00A0CA66 /* Debug */ = {
			isa = XCBuildConfiguration;
			buildSettings = {
				ALWAYS_SEARCH_USER_PATHS = NO;
				CLANG_ANALYZER_NONNULL = YES;
				CLANG_ANALYZER_NUMBER_OBJECT_CONVERSION = YES_AGGRESSIVE;
				CLANG_CXX_LANGUAGE_STANDARD = "gnu++14";
				CLANG_CXX_LIBRARY = "libc++";
				CLANG_ENABLE_MODULES = YES;
				CLANG_ENABLE_OBJC_ARC = YES;
				CLANG_ENABLE_OBJC_WEAK = YES;
				CLANG_WARN_BLOCK_CAPTURE_AUTORELEASING = YES;
				CLANG_WARN_BOOL_CONVERSION = YES;
				CLANG_WARN_COMMA = YES;
				CLANG_WARN_CONSTANT_CONVERSION = YES;
				CLANG_WARN_DEPRECATED_OBJC_IMPLEMENTATIONS = YES;
				CLANG_WARN_DIRECT_OBJC_ISA_USAGE = YES_ERROR;
				CLANG_WARN_DOCUMENTATION_COMMENTS = YES;
				CLANG_WARN_EMPTY_BODY = YES;
				CLANG_WARN_ENUM_CONVERSION = YES;
				CLANG_WARN_INFINITE_RECURSION = YES;
				CLANG_WARN_INT_CONVERSION = YES;
				CLANG_WARN_NON_LITERAL_NULL_CONVERSION = YES;
				CLANG_WARN_OBJC_IMPLICIT_RETAIN_SELF = YES;
				CLANG_WARN_OBJC_LITERAL_CONVERSION = YES;
				CLANG_WARN_OBJC_ROOT_CLASS = YES_ERROR;
				CLANG_WARN_RANGE_LOOP_ANALYSIS = YES;
				CLANG_WARN_STRICT_PROTOTYPES = YES;
				CLANG_WARN_SUSPICIOUS_MOVE = YES;
				CLANG_WARN_UNGUARDED_AVAILABILITY = YES_AGGRESSIVE;
				CLANG_WARN_UNREACHABLE_CODE = YES;
				CLANG_WARN__DUPLICATE_METHOD_MATCH = YES;
				COPY_PHASE_STRIP = NO;
				DEBUG_INFORMATION_FORMAT = dwarf;
				ENABLE_STRICT_OBJC_MSGSEND = YES;
				ENABLE_TESTABILITY = YES;
				GCC_C_LANGUAGE_STANDARD = gnu11;
				GCC_DYNAMIC_NO_PIC = NO;
				GCC_NO_COMMON_BLOCKS = YES;
				GCC_OPTIMIZATION_LEVEL = 0;
				GCC_PREPROCESSOR_DEFINITIONS = (
					"DEBUG=1",
					"$(inherited)",
				);
				GCC_WARN_64_TO_32_BIT_CONVERSION = YES;
				GCC_WARN_ABOUT_RETURN_TYPE = YES_ERROR;
				GCC_WARN_UNDECLARED_SELECTOR = YES;
				GCC_WARN_UNINITIALIZED_AUTOS = YES_AGGRESSIVE;
				GCC_WARN_UNUSED_FUNCTION = YES;
				GCC_WARN_UNUSED_VARIABLE = YES;
				IPHONEOS_DEPLOYMENT_TARGET = 13.7;
				MTL_ENABLE_DEBUG_INFO = INCLUDE_SOURCE;
				MTL_FAST_MATH = YES;
				ONLY_ACTIVE_ARCH = YES;
				SDKROOT = iphoneos;
				SWIFT_ACTIVE_COMPILATION_CONDITIONS = DEBUG;
				SWIFT_OPTIMIZATION_LEVEL = "-Onone";
			};
			name = Debug;
		};
		834D46A4251AEE4E00A0CA66 /* Release */ = {
			isa = XCBuildConfiguration;
			buildSettings = {
				ALWAYS_SEARCH_USER_PATHS = NO;
				CLANG_ANALYZER_NONNULL = YES;
				CLANG_ANALYZER_NUMBER_OBJECT_CONVERSION = YES_AGGRESSIVE;
				CLANG_CXX_LANGUAGE_STANDARD = "gnu++14";
				CLANG_CXX_LIBRARY = "libc++";
				CLANG_ENABLE_MODULES = YES;
				CLANG_ENABLE_OBJC_ARC = YES;
				CLANG_ENABLE_OBJC_WEAK = YES;
				CLANG_WARN_BLOCK_CAPTURE_AUTORELEASING = YES;
				CLANG_WARN_BOOL_CONVERSION = YES;
				CLANG_WARN_COMMA = YES;
				CLANG_WARN_CONSTANT_CONVERSION = YES;
				CLANG_WARN_DEPRECATED_OBJC_IMPLEMENTATIONS = YES;
				CLANG_WARN_DIRECT_OBJC_ISA_USAGE = YES_ERROR;
				CLANG_WARN_DOCUMENTATION_COMMENTS = YES;
				CLANG_WARN_EMPTY_BODY = YES;
				CLANG_WARN_ENUM_CONVERSION = YES;
				CLANG_WARN_INFINITE_RECURSION = YES;
				CLANG_WARN_INT_CONVERSION = YES;
				CLANG_WARN_NON_LITERAL_NULL_CONVERSION = YES;
				CLANG_WARN_OBJC_IMPLICIT_RETAIN_SELF = YES;
				CLANG_WARN_OBJC_LITERAL_CONVERSION = YES;
				CLANG_WARN_OBJC_ROOT_CLASS = YES_ERROR;
				CLANG_WARN_RANGE_LOOP_ANALYSIS = YES;
				CLANG_WARN_STRICT_PROTOTYPES = YES;
				CLANG_WARN_SUSPICIOUS_MOVE = YES;
				CLANG_WARN_UNGUARDED_AVAILABILITY = YES_AGGRESSIVE;
				CLANG_WARN_UNREACHABLE_CODE = YES;
				CLANG_WARN__DUPLICATE_METHOD_MATCH = YES;
				COPY_PHASE_STRIP = NO;
				DEBUG_INFORMATION_FORMAT = "dwarf-with-dsym";
				ENABLE_NS_ASSERTIONS = NO;
				ENABLE_STRICT_OBJC_MSGSEND = YES;
				GCC_C_LANGUAGE_STANDARD = gnu11;
				GCC_NO_COMMON_BLOCKS = YES;
				GCC_WARN_64_TO_32_BIT_CONVERSION = YES;
				GCC_WARN_ABOUT_RETURN_TYPE = YES_ERROR;
				GCC_WARN_UNDECLARED_SELECTOR = YES;
				GCC_WARN_UNINITIALIZED_AUTOS = YES_AGGRESSIVE;
				GCC_WARN_UNUSED_FUNCTION = YES;
				GCC_WARN_UNUSED_VARIABLE = YES;
				IPHONEOS_DEPLOYMENT_TARGET = 13.7;
				MTL_ENABLE_DEBUG_INFO = NO;
				MTL_FAST_MATH = YES;
				SDKROOT = iphoneos;
				SWIFT_COMPILATION_MODE = wholemodule;
				SWIFT_OPTIMIZATION_LEVEL = "-O";
				VALIDATE_PRODUCT = YES;
			};
			name = Release;
		};
		834D46A6251AEE4E00A0CA66 /* Debug */ = {
			isa = XCBuildConfiguration;
			baseConfigurationReference = 54269F039C755116CE885583 /* Pods-Cresh.debug.xcconfig */;
			buildSettings = {
				ASSETCATALOG_COMPILER_APPICON_NAME = AppIcon;
				CODE_SIGN_STYLE = Automatic;
				DEVELOPMENT_TEAM = 7DF23RMRWS;
				INFOPLIST_FILE = Cresh/Info.plist;
				LD_RUNPATH_SEARCH_PATHS = (
					"$(inherited)",
					"@executable_path/Frameworks",
				);
				PRODUCT_BUNDLE_IDENTIFIER = idcs.Cresh;
				PRODUCT_NAME = "$(TARGET_NAME)";
				SWIFT_VERSION = 5.0;
				TARGETED_DEVICE_FAMILY = "1,2";
			};
			name = Debug;
		};
		834D46A7251AEE4E00A0CA66 /* Release */ = {
			isa = XCBuildConfiguration;
			baseConfigurationReference = 43830C5662E480F0D65E70C9 /* Pods-Cresh.release.xcconfig */;
			buildSettings = {
				ASSETCATALOG_COMPILER_APPICON_NAME = AppIcon;
				CODE_SIGN_STYLE = Automatic;
				DEVELOPMENT_TEAM = 7DF23RMRWS;
				INFOPLIST_FILE = Cresh/Info.plist;
				LD_RUNPATH_SEARCH_PATHS = (
					"$(inherited)",
					"@executable_path/Frameworks",
				);
				PRODUCT_BUNDLE_IDENTIFIER = idcs.Cresh;
				PRODUCT_NAME = "$(TARGET_NAME)";
				SWIFT_VERSION = 5.0;
				TARGETED_DEVICE_FAMILY = "1,2";
			};
			name = Release;
		};
		834D46A9251AEE4E00A0CA66 /* Debug */ = {
			isa = XCBuildConfiguration;
			baseConfigurationReference = 36D7BAB46D1EC4E6A59E9E93 /* Pods-CreshTests.debug.xcconfig */;
			buildSettings = {
				ALWAYS_EMBED_SWIFT_STANDARD_LIBRARIES = YES;
				BUNDLE_LOADER = "$(TEST_HOST)";
				CODE_SIGN_STYLE = Automatic;
				DEVELOPMENT_TEAM = 7DF23RMRWS;
				INFOPLIST_FILE = CreshTests/Info.plist;
				IPHONEOS_DEPLOYMENT_TARGET = 13.7;
				LD_RUNPATH_SEARCH_PATHS = (
					"$(inherited)",
					"@executable_path/Frameworks",
					"@loader_path/Frameworks",
				);
				PRODUCT_BUNDLE_IDENTIFIER = idcs.CreshTests;
				PRODUCT_NAME = "$(TARGET_NAME)";
				SWIFT_VERSION = 5.0;
				TARGETED_DEVICE_FAMILY = "1,2";
				TEST_HOST = "$(BUILT_PRODUCTS_DIR)/Cresh.app/Cresh";
			};
			name = Debug;
		};
		834D46AA251AEE4E00A0CA66 /* Release */ = {
			isa = XCBuildConfiguration;
			baseConfigurationReference = 1F5E5A2FE870614ECEFBD0D0 /* Pods-CreshTests.release.xcconfig */;
			buildSettings = {
				ALWAYS_EMBED_SWIFT_STANDARD_LIBRARIES = YES;
				BUNDLE_LOADER = "$(TEST_HOST)";
				CODE_SIGN_STYLE = Automatic;
				DEVELOPMENT_TEAM = 7DF23RMRWS;
				INFOPLIST_FILE = CreshTests/Info.plist;
				IPHONEOS_DEPLOYMENT_TARGET = 13.7;
				LD_RUNPATH_SEARCH_PATHS = (
					"$(inherited)",
					"@executable_path/Frameworks",
					"@loader_path/Frameworks",
				);
				PRODUCT_BUNDLE_IDENTIFIER = idcs.CreshTests;
				PRODUCT_NAME = "$(TARGET_NAME)";
				SWIFT_VERSION = 5.0;
				TARGETED_DEVICE_FAMILY = "1,2";
				TEST_HOST = "$(BUILT_PRODUCTS_DIR)/Cresh.app/Cresh";
			};
			name = Release;
		};
		834D46AC251AEE4E00A0CA66 /* Debug */ = {
			isa = XCBuildConfiguration;
			baseConfigurationReference = 608BA2666B72AB9E10555946 /* Pods-Cresh-CreshUITests.debug.xcconfig */;
			buildSettings = {
				ALWAYS_EMBED_SWIFT_STANDARD_LIBRARIES = YES;
				CODE_SIGN_STYLE = Automatic;
				DEVELOPMENT_TEAM = 7DF23RMRWS;
				INFOPLIST_FILE = CreshUITests/Info.plist;
				LD_RUNPATH_SEARCH_PATHS = (
					"$(inherited)",
					"@executable_path/Frameworks",
					"@loader_path/Frameworks",
				);
				PRODUCT_BUNDLE_IDENTIFIER = idcs.CreshUITests;
				PRODUCT_NAME = "$(TARGET_NAME)";
				SWIFT_VERSION = 5.0;
				TARGETED_DEVICE_FAMILY = "1,2";
				TEST_TARGET_NAME = Cresh;
			};
			name = Debug;
		};
		834D46AD251AEE4E00A0CA66 /* Release */ = {
			isa = XCBuildConfiguration;
			baseConfigurationReference = 60BFA13BC975C9108127DCD9 /* Pods-Cresh-CreshUITests.release.xcconfig */;
			buildSettings = {
				ALWAYS_EMBED_SWIFT_STANDARD_LIBRARIES = YES;
				CODE_SIGN_STYLE = Automatic;
				DEVELOPMENT_TEAM = 7DF23RMRWS;
				INFOPLIST_FILE = CreshUITests/Info.plist;
				LD_RUNPATH_SEARCH_PATHS = (
					"$(inherited)",
					"@executable_path/Frameworks",
					"@loader_path/Frameworks",
				);
				PRODUCT_BUNDLE_IDENTIFIER = idcs.CreshUITests;
				PRODUCT_NAME = "$(TARGET_NAME)";
				SWIFT_VERSION = 5.0;
				TARGETED_DEVICE_FAMILY = "1,2";
				TEST_TARGET_NAME = Cresh;
			};
			name = Release;
		};
/* End XCBuildConfiguration section */

/* Begin XCConfigurationList section */
		834D4676251AEE4300A0CA66 /* Build configuration list for PBXProject "Cresh" */ = {
			isa = XCConfigurationList;
			buildConfigurations = (
				834D46A3251AEE4E00A0CA66 /* Debug */,
				834D46A4251AEE4E00A0CA66 /* Release */,
			);
			defaultConfigurationIsVisible = 0;
			defaultConfigurationName = Release;
		};
		834D46A5251AEE4E00A0CA66 /* Build configuration list for PBXNativeTarget "Cresh" */ = {
			isa = XCConfigurationList;
			buildConfigurations = (
				834D46A6251AEE4E00A0CA66 /* Debug */,
				834D46A7251AEE4E00A0CA66 /* Release */,
			);
			defaultConfigurationIsVisible = 0;
			defaultConfigurationName = Release;
		};
		834D46A8251AEE4E00A0CA66 /* Build configuration list for PBXNativeTarget "CreshTests" */ = {
			isa = XCConfigurationList;
			buildConfigurations = (
				834D46A9251AEE4E00A0CA66 /* Debug */,
				834D46AA251AEE4E00A0CA66 /* Release */,
			);
			defaultConfigurationIsVisible = 0;
			defaultConfigurationName = Release;
		};
		834D46AB251AEE4E00A0CA66 /* Build configuration list for PBXNativeTarget "CreshUITests" */ = {
			isa = XCConfigurationList;
			buildConfigurations = (
				834D46AC251AEE4E00A0CA66 /* Debug */,
				834D46AD251AEE4E00A0CA66 /* Release */,
			);
			defaultConfigurationIsVisible = 0;
			defaultConfigurationName = Release;
		};
/* End XCConfigurationList section */
	};
	rootObject = 834D4673251AEE4300A0CA66 /* Project object */;
}
